// !$*UTF8*$!
{
	archiveVersion = 1;
	classes = {
	};
	objectVersion = 46;
	objects = {

/* Begin PBXBuildFile section */
		8848DA6319E031F700413EDD /* Foundation.framework in Frameworks */ = {isa = PBXBuildFile; fileRef = 8848DA6219E031F700413EDD /* Foundation.framework */; };
		8848DA6519E031F700413EDD /* CoreGraphics.framework in Frameworks */ = {isa = PBXBuildFile; fileRef = 8848DA6419E031F700413EDD /* CoreGraphics.framework */; };
		8848DA6719E031F700413EDD /* UIKit.framework in Frameworks */ = {isa = PBXBuildFile; fileRef = 8848DA6619E031F700413EDD /* UIKit.framework */; };
		8848DA6D19E031F700413EDD /* InfoPlist.strings in Resources */ = {isa = PBXBuildFile; fileRef = 8848DA6B19E031F700413EDD /* InfoPlist.strings */; };
		8848DA6F19E031F700413EDD /* main.m in Sources */ = {isa = PBXBuildFile; fileRef = 8848DA6E19E031F700413EDD /* main.m */; };
		8848DA7319E031F700413EDD /* TopPlacesAppDelegate.m in Sources */ = {isa = PBXBuildFile; fileRef = 8848DA7219E031F700413EDD /* TopPlacesAppDelegate.m */; };
		8848DA7619E031F700413EDD /* Main_iPhone.storyboard in Resources */ = {isa = PBXBuildFile; fileRef = 8848DA7419E031F700413EDD /* Main_iPhone.storyboard */; };
		8848DA7919E031F700413EDD /* Main_iPad.storyboard in Resources */ = {isa = PBXBuildFile; fileRef = 8848DA7719E031F700413EDD /* Main_iPad.storyboard */; };
		8848DA7C19E031F700413EDD /* TopPlacesViewController.m in Sources */ = {isa = PBXBuildFile; fileRef = 8848DA7B19E031F700413EDD /* TopPlacesViewController.m */; };
		8848DA7E19E031F700413EDD /* Images.xcassets in Resources */ = {isa = PBXBuildFile; fileRef = 8848DA7D19E031F700413EDD /* Images.xcassets */; };
		8848DA8519E031F700413EDD /* XCTest.framework in Frameworks */ = {isa = PBXBuildFile; fileRef = 8848DA8419E031F700413EDD /* XCTest.framework */; };
		8848DA8619E031F700413EDD /* Foundation.framework in Frameworks */ = {isa = PBXBuildFile; fileRef = 8848DA6219E031F700413EDD /* Foundation.framework */; };
		8848DA8719E031F700413EDD /* UIKit.framework in Frameworks */ = {isa = PBXBuildFile; fileRef = 8848DA6619E031F700413EDD /* UIKit.framework */; };
		8848DA8F19E031F700413EDD /* InfoPlist.strings in Resources */ = {isa = PBXBuildFile; fileRef = 8848DA8D19E031F700413EDD /* InfoPlist.strings */; };
		8848DA9119E031F700413EDD /* TopPlacesTests.m in Sources */ = {isa = PBXBuildFile; fileRef = 8848DA9019E031F700413EDD /* TopPlacesTests.m */; };
		88C3842719E080A700480C11 /* FlickrFetcher.m in Sources */ = {isa = PBXBuildFile; fileRef = 88C3842619E080A700480C11 /* FlickrFetcher.m */; };
		88C3843019E08C3400480C11 /* TopPlacesTVC.m in Sources */ = {isa = PBXBuildFile; fileRef = 88C3842F19E08C3400480C11 /* TopPlacesTVC.m */; };
		88C3843C19E1BE1E00480C11 /* VisitadosTVC.m in Sources */ = {isa = PBXBuildFile; fileRef = 88C3843B19E1BE1E00480C11 /* VisitadosTVC.m */; };
		88C3843F19E1D9F300480C11 /* FlickrDataModel.m in Sources */ = {isa = PBXBuildFile; fileRef = 88C3843E19E1D9F300480C11 /* FlickrDataModel.m */; };
		88C3844319EAD6B300480C11 /* FotosTVC.m in Sources */ = {isa = PBXBuildFile; fileRef = 88C3844219EAD6B300480C11 /* FotosTVC.m */; };
		88C3844619EAD7EC00480C11 /* VisorFotosViewController.m in Sources */ = {isa = PBXBuildFile; fileRef = 88C3844519EAD7EC00480C11 /* VisorFotosViewController.m */; };
/* End PBXBuildFile section */

/* Begin PBXContainerItemProxy section */
		8848DA8819E031F700413EDD /* PBXContainerItemProxy */ = {
			isa = PBXContainerItemProxy;
			containerPortal = 8848DA5719E031F600413EDD /* Project object */;
			proxyType = 1;
			remoteGlobalIDString = 8848DA5E19E031F700413EDD;
			remoteInfo = TopPlaces;
		};
/* End PBXContainerItemProxy section */

/* Begin PBXFileReference section */
		8848DA5F19E031F700413EDD /* TopPlaces.app */ = {isa = PBXFileReference; explicitFileType = wrapper.application; includeInIndex = 0; path = TopPlaces.app; sourceTree = BUILT_PRODUCTS_DIR; };
		8848DA6219E031F700413EDD /* Foundation.framework */ = {isa = PBXFileReference; lastKnownFileType = wrapper.framework; name = Foundation.framework; path = System/Library/Frameworks/Foundation.framework; sourceTree = SDKROOT; };
		8848DA6419E031F700413EDD /* CoreGraphics.framework */ = {isa = PBXFileReference; lastKnownFileType = wrapper.framework; name = CoreGraphics.framework; path = System/Library/Frameworks/CoreGraphics.framework; sourceTree = SDKROOT; };
		8848DA6619E031F700413EDD /* UIKit.framework */ = {isa = PBXFileReference; lastKnownFileType = wrapper.framework; name = UIKit.framework; path = System/Library/Frameworks/UIKit.framework; sourceTree = SDKROOT; };
		8848DA6A19E031F700413EDD /* TopPlaces-Info.plist */ = {isa = PBXFileReference; lastKnownFileType = text.plist.xml; path = "TopPlaces-Info.plist"; sourceTree = "<group>"; };
		8848DA6C19E031F700413EDD /* en */ = {isa = PBXFileReference; lastKnownFileType = text.plist.strings; name = en; path = en.lproj/InfoPlist.strings; sourceTree = "<group>"; };
		8848DA6E19E031F700413EDD /* main.m */ = {isa = PBXFileReference; lastKnownFileType = sourcecode.c.objc; path = main.m; sourceTree = "<group>"; };
		8848DA7019E031F700413EDD /* TopPlaces-Prefix.pch */ = {isa = PBXFileReference; lastKnownFileType = sourcecode.c.h; path = "TopPlaces-Prefix.pch"; sourceTree = "<group>"; };
		8848DA7119E031F700413EDD /* TopPlacesAppDelegate.h */ = {isa = PBXFileReference; lastKnownFileType = sourcecode.c.h; path = TopPlacesAppDelegate.h; sourceTree = "<group>"; };
		8848DA7219E031F700413EDD /* TopPlacesAppDelegate.m */ = {isa = PBXFileReference; lastKnownFileType = sourcecode.c.objc; path = TopPlacesAppDelegate.m; sourceTree = "<group>"; };
		8848DA7519E031F700413EDD /* Base */ = {isa = PBXFileReference; lastKnownFileType = file.storyboard; name = Base; path = Base.lproj/Main_iPhone.storyboard; sourceTree = "<group>"; };
		8848DA7819E031F700413EDD /* Base */ = {isa = PBXFileReference; lastKnownFileType = file.storyboard; name = Base; path = Base.lproj/Main_iPad.storyboard; sourceTree = "<group>"; };
		8848DA7A19E031F700413EDD /* TopPlacesViewController.h */ = {isa = PBXFileReference; lastKnownFileType = sourcecode.c.h; path = TopPlacesViewController.h; sourceTree = "<group>"; };
		8848DA7B19E031F700413EDD /* TopPlacesViewController.m */ = {isa = PBXFileReference; lastKnownFileType = sourcecode.c.objc; path = TopPlacesViewController.m; sourceTree = "<group>"; };
		8848DA7D19E031F700413EDD /* Images.xcassets */ = {isa = PBXFileReference; lastKnownFileType = folder.assetcatalog; path = Images.xcassets; sourceTree = "<group>"; };
		8848DA8319E031F700413EDD /* TopPlacesTests.xctest */ = {isa = PBXFileReference; explicitFileType = wrapper.cfbundle; includeInIndex = 0; path = TopPlacesTests.xctest; sourceTree = BUILT_PRODUCTS_DIR; };
		8848DA8419E031F700413EDD /* XCTest.framework */ = {isa = PBXFileReference; lastKnownFileType = wrapper.framework; name = XCTest.framework; path = Library/Frameworks/XCTest.framework; sourceTree = DEVELOPER_DIR; };
		8848DA8C19E031F700413EDD /* TopPlacesTests-Info.plist */ = {isa = PBXFileReference; lastKnownFileType = text.plist.xml; path = "TopPlacesTests-Info.plist"; sourceTree = "<group>"; };
		8848DA8E19E031F700413EDD /* en */ = {isa = PBXFileReference; lastKnownFileType = text.plist.strings; name = en; path = en.lproj/InfoPlist.strings; sourceTree = "<group>"; };
		8848DA9019E031F700413EDD /* TopPlacesTests.m */ = {isa = PBXFileReference; lastKnownFileType = sourcecode.c.objc; path = TopPlacesTests.m; sourceTree = "<group>"; };
		88C3842419E080A700480C11 /* FlickrAPIKey.h */ = {isa = PBXFileReference; fileEncoding = 4; lastKnownFileType = sourcecode.c.h; path = FlickrAPIKey.h; sourceTree = "<group>"; };
		88C3842519E080A700480C11 /* FlickrFetcher.h */ = {isa = PBXFileReference; fileEncoding = 4; lastKnownFileType = sourcecode.c.h; path = FlickrFetcher.h; sourceTree = "<group>"; };
		88C3842619E080A700480C11 /* FlickrFetcher.m */ = {isa = PBXFileReference; fileEncoding = 4; lastKnownFileType = sourcecode.c.objc; path = FlickrFetcher.m; sourceTree = "<group>"; };
		88C3842E19E08C3400480C11 /* TopPlacesTVC.h */ = {isa = PBXFileReference; fileEncoding = 4; lastKnownFileType = sourcecode.c.h; path = TopPlacesTVC.h; sourceTree = "<group>"; };
		88C3842F19E08C3400480C11 /* TopPlacesTVC.m */ = {isa = PBXFileReference; fileEncoding = 4; lastKnownFileType = sourcecode.c.objc; path = TopPlacesTVC.m; sourceTree = "<group>"; };
		88C3843A19E1BE1E00480C11 /* VisitadosTVC.h */ = {isa = PBXFileReference; fileEncoding = 4; lastKnownFileType = sourcecode.c.h; path = VisitadosTVC.h; sourceTree = "<group>"; };
		88C3843B19E1BE1E00480C11 /* VisitadosTVC.m */ = {isa = PBXFileReference; fileEncoding = 4; lastKnownFileType = sourcecode.c.objc; path = VisitadosTVC.m; sourceTree = "<group>"; };
		88C3843D19E1D9F300480C11 /* FlickrDataModel.h */ = {isa = PBXFileReference; fileEncoding = 4; lastKnownFileType = sourcecode.c.h; path = FlickrDataModel.h; sourceTree = "<group>"; };
		88C3843E19E1D9F300480C11 /* FlickrDataModel.m */ = {isa = PBXFileReference; fileEncoding = 4; lastKnownFileType = sourcecode.c.objc; path = FlickrDataModel.m; sourceTree = "<group>"; };
		88C3844119EAD6B300480C11 /* FotosTVC.h */ = {isa = PBXFileReference; fileEncoding = 4; lastKnownFileType = sourcecode.c.h; path = FotosTVC.h; sourceTree = "<group>"; };
		88C3844219EAD6B300480C11 /* FotosTVC.m */ = {isa = PBXFileReference; fileEncoding = 4; lastKnownFileType = sourcecode.c.objc; path = FotosTVC.m; sourceTree = "<group>"; };
		88C3844419EAD7EC00480C11 /* VisorFotosViewController.h */ = {isa = PBXFileReference; fileEncoding = 4; lastKnownFileType = sourcecode.c.h; path = VisorFotosViewController.h; sourceTree = "<group>"; };
		88C3844519EAD7EC00480C11 /* VisorFotosViewController.m */ = {isa = PBXFileReference; fileEncoding = 4; lastKnownFileType = sourcecode.c.objc; path = VisorFotosViewController.m; sourceTree = "<group>"; };
/* End PBXFileReference section */

/* Begin PBXFrameworksBuildPhase section */
		8848DA5C19E031F700413EDD /* Frameworks */ = {
			isa = PBXFrameworksBuildPhase;
			buildActionMask = 2147483647;
			files = (
				8848DA6519E031F700413EDD /* CoreGraphics.framework in Frameworks */,
				8848DA6719E031F700413EDD /* UIKit.framework in Frameworks */,
				8848DA6319E031F700413EDD /* Foundation.framework in Frameworks */,
			);
			runOnlyForDeploymentPostprocessing = 0;
		};
		8848DA8019E031F700413EDD /* Frameworks */ = {
			isa = PBXFrameworksBuildPhase;
			buildActionMask = 2147483647;
			files = (
				8848DA8519E031F700413EDD /* XCTest.framework in Frameworks */,
				8848DA8719E031F700413EDD /* UIKit.framework in Frameworks */,
				8848DA8619E031F700413EDD /* Foundation.framework in Frameworks */,
			);
			runOnlyForDeploymentPostprocessing = 0;
		};
/* End PBXFrameworksBuildPhase section */

/* Begin PBXGroup section */
		8848DA5619E031F600413EDD = {
			isa = PBXGroup;
			children = (
				8848DA6819E031F700413EDD /* TopPlaces */,
				8848DA8A19E031F700413EDD /* TopPlacesTests */,
				8848DA6119E031F700413EDD /* Frameworks */,
				8848DA6019E031F700413EDD /* Products */,
			);
			sourceTree = "<group>";
		};
		8848DA6019E031F700413EDD /* Products */ = {
			isa = PBXGroup;
			children = (
				8848DA5F19E031F700413EDD /* TopPlaces.app */,
				8848DA8319E031F700413EDD /* TopPlacesTests.xctest */,
			);
			name = Products;
			sourceTree = "<group>";
		};
		8848DA6119E031F700413EDD /* Frameworks */ = {
			isa = PBXGroup;
			children = (
				8848DA6219E031F700413EDD /* Foundation.framework */,
				8848DA6419E031F700413EDD /* CoreGraphics.framework */,
				8848DA6619E031F700413EDD /* UIKit.framework */,
				8848DA8419E031F700413EDD /* XCTest.framework */,
			);
			name = Frameworks;
			sourceTree = "<group>";
		};
		8848DA6819E031F700413EDD /* TopPlaces */ = {
			isa = PBXGroup;
			children = (
				88C3844019E1DA0A00480C11 /* Model */,
				88C3842319E080A700480C11 /* Flickr Fetcher */,
				8848DA7419E031F700413EDD /* Main_iPhone.storyboard */,
				8848DA7719E031F700413EDD /* Main_iPad.storyboard */,
				88C3844419EAD7EC00480C11 /* VisorFotosViewController.h */,
				88C3844519EAD7EC00480C11 /* VisorFotosViewController.m */,
				88C3843A19E1BE1E00480C11 /* VisitadosTVC.h */,
				88C3843B19E1BE1E00480C11 /* VisitadosTVC.m */,
				88C3844119EAD6B300480C11 /* FotosTVC.h */,
				88C3844219EAD6B300480C11 /* FotosTVC.m */,
				88C3842E19E08C3400480C11 /* TopPlacesTVC.h */,
				88C3842F19E08C3400480C11 /* TopPlacesTVC.m */,
				8848DA7A19E031F700413EDD /* TopPlacesViewController.h */,
				8848DA7B19E031F700413EDD /* TopPlacesViewController.m */,
				8848DA7D19E031F700413EDD /* Images.xcassets */,
				8848DA6919E031F700413EDD /* Supporting Files */,
			);
			path = TopPlaces;
			sourceTree = "<group>";
		};
		8848DA6919E031F700413EDD /* Supporting Files */ = {
			isa = PBXGroup;
			children = (
				8848DA7119E031F700413EDD /* TopPlacesAppDelegate.h */,
				8848DA7219E031F700413EDD /* TopPlacesAppDelegate.m */,
				8848DA6A19E031F700413EDD /* TopPlaces-Info.plist */,
				8848DA6B19E031F700413EDD /* InfoPlist.strings */,
				8848DA6E19E031F700413EDD /* main.m */,
				8848DA7019E031F700413EDD /* TopPlaces-Prefix.pch */,
			);
			name = "Supporting Files";
			sourceTree = "<group>";
		};
		8848DA8A19E031F700413EDD /* TopPlacesTests */ = {
			isa = PBXGroup;
			children = (
				8848DA9019E031F700413EDD /* TopPlacesTests.m */,
				8848DA8B19E031F700413EDD /* Supporting Files */,
			);
			path = TopPlacesTests;
			sourceTree = "<group>";
		};
		8848DA8B19E031F700413EDD /* Supporting Files */ = {
			isa = PBXGroup;
			children = (
				8848DA8C19E031F700413EDD /* TopPlacesTests-Info.plist */,
				8848DA8D19E031F700413EDD /* InfoPlist.strings */,
			);
			name = "Supporting Files";
			sourceTree = "<group>";
		};
		88C3842319E080A700480C11 /* Flickr Fetcher */ = {
			isa = PBXGroup;
			children = (
				88C3842419E080A700480C11 /* FlickrAPIKey.h */,
				88C3842519E080A700480C11 /* FlickrFetcher.h */,
				88C3842619E080A700480C11 /* FlickrFetcher.m */,
			);
			path = "Flickr Fetcher";
			sourceTree = "<group>";
		};
		88C3844019E1DA0A00480C11 /* Model */ = {
			isa = PBXGroup;
			children = (
				88C3843D19E1D9F300480C11 /* FlickrDataModel.h */,
				88C3843E19E1D9F300480C11 /* FlickrDataModel.m */,
			);
			name = Model;
			sourceTree = "<group>";
		};
/* End PBXGroup section */

/* Begin PBXNativeTarget section */
		8848DA5E19E031F700413EDD /* TopPlaces */ = {
			isa = PBXNativeTarget;
			buildConfigurationList = 8848DA9419E031F700413EDD /* Build configuration list for PBXNativeTarget "TopPlaces" */;
			buildPhases = (
				8848DA5B19E031F700413EDD /* Sources */,
				8848DA5C19E031F700413EDD /* Frameworks */,
				8848DA5D19E031F700413EDD /* Resources */,
			);
			buildRules = (
			);
			dependencies = (
			);
			name = TopPlaces;
			productName = TopPlaces;
			productReference = 8848DA5F19E031F700413EDD /* TopPlaces.app */;
			productType = "com.apple.product-type.application";
		};
		8848DA8219E031F700413EDD /* TopPlacesTests */ = {
			isa = PBXNativeTarget;
			buildConfigurationList = 8848DA9719E031F700413EDD /* Build configuration list for PBXNativeTarget "TopPlacesTests" */;
			buildPhases = (
				8848DA7F19E031F700413EDD /* Sources */,
				8848DA8019E031F700413EDD /* Frameworks */,
				8848DA8119E031F700413EDD /* Resources */,
			);
			buildRules = (
			);
			dependencies = (
				8848DA8919E031F700413EDD /* PBXTargetDependency */,
			);
			name = TopPlacesTests;
			productName = TopPlacesTests;
			productReference = 8848DA8319E031F700413EDD /* TopPlacesTests.xctest */;
			productType = "com.apple.product-type.bundle.unit-test";
		};
/* End PBXNativeTarget section */

/* Begin PBXProject section */
		8848DA5719E031F600413EDD /* Project object */ = {
			isa = PBXProject;
			attributes = {
				CLASSPREFIX = TopPlaces;
				LastUpgradeCheck = 0510;
				ORGANIZATIONNAME = JLLucini;
				TargetAttributes = {
					8848DA8219E031F700413EDD = {
						TestTargetID = 8848DA5E19E031F700413EDD;
					};
				};
			};
			buildConfigurationList = 8848DA5A19E031F600413EDD /* Build configuration list for PBXProject "TopPlaces" */;
			compatibilityVersion = "Xcode 3.2";
			developmentRegion = English;
			hasScannedForEncodings = 0;
			knownRegions = (
				en,
				Base,
			);
			mainGroup = 8848DA5619E031F600413EDD;
			productRefGroup = 8848DA6019E031F700413EDD /* Products */;
			projectDirPath = "";
			projectRoot = "";
			targets = (
				8848DA5E19E031F700413EDD /* TopPlaces */,
				8848DA8219E031F700413EDD /* TopPlacesTests */,
			);
		};
/* End PBXProject section */

/* Begin PBXResourcesBuildPhase section */
		8848DA5D19E031F700413EDD /* Resources */ = {
			isa = PBXResourcesBuildPhase;
			buildActionMask = 2147483647;
			files = (
				8848DA7919E031F700413EDD /* Main_iPad.storyboard in Resources */,
				8848DA7E19E031F700413EDD /* Images.xcassets in Resources */,
				8848DA7619E031F700413EDD /* Main_iPhone.storyboard in Resources */,
				8848DA6D19E031F700413EDD /* InfoPlist.strings in Resources */,
			);
			runOnlyForDeploymentPostprocessing = 0;
		};
		8848DA8119E031F700413EDD /* Resources */ = {
			isa = PBXResourcesBuildPhase;
			buildActionMask = 2147483647;
			files = (
				8848DA8F19E031F700413EDD /* InfoPlist.strings in Resources */,
			);
			runOnlyForDeploymentPostprocessing = 0;
		};
/* End PBXResourcesBuildPhase section */

/* Begin PBXSourcesBuildPhase section */
		8848DA5B19E031F700413EDD /* Sources */ = {
			isa = PBXSourcesBuildPhase;
			buildActionMask = 2147483647;
			files = (
				8848DA7C19E031F700413EDD /* TopPlacesViewController.m in Sources */,
				8848DA7319E031F700413EDD /* TopPlacesAppDelegate.m in Sources */,
				88C3843C19E1BE1E00480C11 /* VisitadosTVC.m in Sources */,
				88C3842719E080A700480C11 /* FlickrFetcher.m in Sources */,
				88C3843019E08C3400480C11 /* TopPlacesTVC.m in Sources */,
				88C3844319EAD6B300480C11 /* FotosTVC.m in Sources */,
				88C3844619EAD7EC00480C11 /* VisorFotosViewController.m in Sources */,
				88C3843F19E1D9F300480C11 /* FlickrDataModel.m in Sources */,
				8848DA6F19E031F700413EDD /* main.m in Sources */,
			);
			runOnlyForDeploymentPostprocessing = 0;
		};
		8848DA7F19E031F700413EDD /* Sources */ = {
			isa = PBXSourcesBuildPhase;
			buildActionMask = 2147483647;
			files = (
				8848DA9119E031F700413EDD /* TopPlacesTests.m in Sources */,
			);
			runOnlyForDeploymentPostprocessing = 0;
		};
/* End PBXSourcesBuildPhase section */

/* Begin PBXTargetDependency section */
		8848DA8919E031F700413EDD /* PBXTargetDependency */ = {
			isa = PBXTargetDependency;
			target = 8848DA5E19E031F700413EDD /* TopPlaces */;
			targetProxy = 8848DA8819E031F700413EDD /* PBXContainerItemProxy */;
		};
/* End PBXTargetDependency section */

/* Begin PBXVariantGroup section */
		8848DA6B19E031F700413EDD /* InfoPlist.strings */ = {
			isa = PBXVariantGroup;
			children = (
				8848DA6C19E031F700413EDD /* en */,
			);
			name = InfoPlist.strings;
			sourceTree = "<group>";
		};
		8848DA7419E031F700413EDD /* Main_iPhone.storyboard */ = {
			isa = PBXVariantGroup;
			children = (
				8848DA7519E031F700413EDD /* Base */,
			);
			name = Main_iPhone.storyboard;
			sourceTree = "<group>";
		};
		8848DA7719E031F700413EDD /* Main_iPad.storyboard */ = {
			isa = PBXVariantGroup;
			children = (
				8848DA7819E031F700413EDD /* Base */,
			);
			name = Main_iPad.storyboard;
			sourceTree = "<group>";
		};
		8848DA8D19E031F700413EDD /* InfoPlist.strings */ = {
			isa = PBXVariantGroup;
			children = (
				8848DA8E19E031F700413EDD /* en */,
			);
			name = InfoPlist.strings;
			sourceTree = "<group>";
		};
/* End PBXVariantGroup section */

/* Begin XCBuildConfiguration section */
		8848DA9219E031F700413EDD /* Debug */ = {
			isa = XCBuildConfiguration;
			buildSettings = {
				ALWAYS_SEARCH_USER_PATHS = NO;
				CLANG_CXX_LANGUAGE_STANDARD = "gnu++0x";
				CLANG_CXX_LIBRARY = "libc++";
				CLANG_ENABLE_MODULES = YES;
				CLANG_ENABLE_OBJC_ARC = YES;
				CLANG_WARN_BOOL_CONVERSION = YES;
				CLANG_WARN_CONSTANT_CONVERSION = YES;
				CLANG_WARN_DIRECT_OBJC_ISA_USAGE = YES_ERROR;
				CLANG_WARN_EMPTY_BODY = YES;
				CLANG_WARN_ENUM_CONVERSION = YES;
				CLANG_WARN_INT_CONVERSION = YES;
				CLANG_WARN_OBJC_ROOT_CLASS = YES_ERROR;
				CLANG_WARN__DUPLICATE_METHOD_MATCH = YES;
				"CODE_SIGN_IDENTITY[sdk=iphoneos*]" = "iPhone Developer";
				COPY_PHASE_STRIP = NO;
				GCC_C_LANGUAGE_STANDARD = gnu99;
				GCC_DYNAMIC_NO_PIC = NO;
				GCC_OPTIMIZATION_LEVEL = 0;
				GCC_PREPROCESSOR_DEFINITIONS = (
					"DEBUG=1",
					"$(inherited)",
				);
				GCC_SYMBOLS_PRIVATE_EXTERN = NO;
				GCC_WARN_64_TO_32_BIT_CONVERSION = YES;
				GCC_WARN_ABOUT_RETURN_TYPE = YES_ERROR;
				GCC_WARN_UNDECLARED_SELECTOR = YES;
				GCC_WARN_UNINITIALIZED_AUTOS = YES_AGGRESSIVE;
				GCC_WARN_UNUSED_FUNCTION = YES;
				GCC_WARN_UNUSED_VARIABLE = YES;
				IPHONEOS_DEPLOYMENT_TARGET = 7.1;
				ONLY_ACTIVE_ARCH = YES;
				SDKROOT = iphoneos;
				TARGETED_DEVICE_FAMILY = "1,2";
			};
			name = Debug;
		};
		8848DA9319E031F700413EDD /* Release */ = {
			isa = XCBuildConfiguration;
			buildSettings = {
				ALWAYS_SEARCH_USER_PATHS = NO;
				CLANG_CXX_LANGUAGE_STANDARD = "gnu++0x";
				CLANG_CXX_LIBRARY = "libc++";
				CLANG_ENABLE_MODULES = YES;
				CLANG_ENABLE_OBJC_ARC = YES;
				CLANG_WARN_BOOL_CONVERSION = YES;
				CLANG_WARN_CONSTANT_CONVERSION = YES;
				CLANG_WARN_DIRECT_OBJC_ISA_USAGE = YES_ERROR;
				CLANG_WARN_EMPTY_BODY = YES;
				CLANG_WARN_ENUM_CONVERSION = YES;
				CLANG_WARN_INT_CONVERSION = YES;
				CLANG_WARN_OBJC_ROOT_CLASS = YES_ERROR;
				CLANG_WARN__DUPLICATE_METHOD_MATCH = YES;
				"CODE_SIGN_IDENTITY[sdk=iphoneos*]" = "iPhone Developer";
				COPY_PHASE_STRIP = YES;
				ENABLE_NS_ASSERTIONS = NO;
				GCC_C_LANGUAGE_STANDARD = gnu99;
				GCC_WARN_64_TO_32_BIT_CONVERSION = YES;
				GCC_WARN_ABOUT_RETURN_TYPE = YES_ERROR;
				GCC_WARN_UNDECLARED_SELECTOR = YES;
				GCC_WARN_UNINITIALIZED_AUTOS = YES_AGGRESSIVE;
				GCC_WARN_UNUSED_FUNCTION = YES;
				GCC_WARN_UNUSED_VARIABLE = YES;
				IPHONEOS_DEPLOYMENT_TARGET = 7.1;
				SDKROOT = iphoneos;
				TARGETED_DEVICE_FAMILY = "1,2";
				VALIDATE_PRODUCT = YES;
			};
			name = Release;
		};
		8848DA9519E031F700413EDD /* Debug */ = {
			isa = XCBuildConfiguration;
			buildSettings = {
				ASSETCATALOG_COMPILER_APPICON_NAME = AppIcon;
				ASSETCATALOG_COMPILER_LAUNCHIMAGE_NAME = LaunchImage;
				GCC_PRECOMPILE_PREFIX_HEADER = YES;
				GCC_PREFIX_HEADER = "TopPlaces/TopPlaces-Prefix.pch";
				INFOPLIST_FILE = "TopPlaces/TopPlaces-Info.plist";
				PRODUCT_NAME = "$(TARGET_NAME)";
				WRAPPER_EXTENSION = app;
			};
			name = Debug;
		};
		8848DA9619E031F700413EDD /* Release */ = {
			isa = XCBuildConfiguration;
			buildSettings = {
				ASSETCATALOG_COMPILER_APPICON_NAME = AppIcon;
				ASSETCATALOG_COMPILER_LAUNCHIMAGE_NAME = LaunchImage;
				GCC_PRECOMPILE_PREFIX_HEADER = YES;
				GCC_PREFIX_HEADER = "TopPlaces/TopPlaces-Prefix.pch";
				INFOPLIST_FILE = "TopPlaces/TopPlaces-Info.plist";
				PRODUCT_NAME = "$(TARGET_NAME)";
				WRAPPER_EXTENSION = app;
			};
			name = Release;
		};
		8848DA9819E031F700413EDD /* Debug */ = {
			isa = XCBuildConfiguration;
			buildSettings = {
				BUNDLE_LOADER = "$(BUILT_PRODUCTS_DIR)/TopPlaces.app/TopPlaces";
				FRAMEWORK_SEARCH_PATHS = (
					"$(SDKROOT)/Developer/Library/Frameworks",
					"$(inherited)",
					"$(DEVELOPER_FRAMEWORKS_DIR)",
				);
				GCC_PRECOMPILE_PREFIX_HEADER = YES;
				GCC_PREFIX_HEADER = "TopPlaces/TopPlaces-Prefix.pch";
				GCC_PREPROCESSOR_DEFINITIONS = (
					"DEBUG=1",
					"$(inherited)",
				);
				INFOPLIST_FILE = "TopPlacesTests/TopPlacesTests-Info.plist";
				PRODUCT_NAME = "$(TARGET_NAME)";
				TEST_HOST = "$(BUNDLE_LOADER)";
				WRAPPER_EXTENSION = xctest;
			};
			name = Debug;
		};
		8848DA9919E031F700413EDD /* Release */ = {
			isa = XCBuildConfiguration;
			buildSettings = {
				BUNDLE_LOADER = "$(BUILT_PRODUCTS_DIR)/TopPlaces.app/TopPlaces";
				FRAMEWORK_SEARCH_PATHS = (
					"$(SDKROOT)/Developer/Library/Frameworks",
					"$(inherited)",
					"$(DEVELOPER_FRAMEWORKS_DIR)",
				);
				GCC_PRECOMPILE_PREFIX_HEADER = YES;
				GCC_PREFIX_HEADER = "TopPlaces/TopPlaces-Prefix.pch";
				INFOPLIST_FILE = "TopPlacesTests/TopPlacesTests-Info.plist";
				PRODUCT_NAME = "$(TARGET_NAME)";
				TEST_HOST = "$(BUNDLE_LOADER)";
				WRAPPER_EXTENSION = xctest;
			};
			name = Release;
		};
/* End XCBuildConfiguration section */

/* Begin XCConfigurationList section */
		8848DA5A19E031F600413EDD /* Build configuration list for PBXProject "TopPlaces" */ = {
			isa = XCConfigurationList;
			buildConfigurations = (
				8848DA9219E031F700413EDD /* Debug */,
				8848DA9319E031F700413EDD /* Release */,
			);
			defaultConfigurationIsVisible = 0;
			defaultConfigurationName = Release;
		};
		8848DA9419E031F700413EDD /* Build configuration list for PBXNativeTarget "TopPlaces" */ = {
			isa = XCConfigurationList;
			buildConfigurations = (
				8848DA9519E031F700413EDD /* Debug */,
				8848DA9619E031F700413EDD /* Release */,
			);
			defaultConfigurationIsVisible = 0;
			defaultConfigurationName = Release;
		};
		8848DA9719E031F700413EDD /* Build configuration list for PBXNativeTarget "TopPlacesTests" */ = {
			isa = XCConfigurationList;
			buildConfigurations = (
				8848DA9819E031F700413EDD /* Debug */,
				8848DA9919E031F700413EDD /* Release */,
			);
			defaultConfigurationIsVisible = 0;
			defaultConfigurationName = Release;
		};
/* End XCConfigurationList section */
	};
	rootObject = 8848DA5719E031F600413EDD /* Project object */;
}
